
Microsoft Visual Studio Solution File, Format Version 12.00
# Visual Studio 15
VisualStudioVersion = 15.0.26730.16
MinimumVisualStudioVersion = 10.0.40219.1
Project("{FAE04EC0-301F-11D3-BF4B-00C04F79EFBC}") = "Task_1_4", "HomeWork\Task_1_4.csproj", "{58F5E635-FFBF-4A4D-BA71-B59E24F4C99B}"
EndProject
Project("{FAE04EC0-301F-11D3-BF4B-00C04F79EFBC}") = "Task_2_2", "Task_2_2\Task_2_2.csproj", "{14A47A87-3457-463F-9091-AD79355D56E9}"
EndProject
Project("{FAE04EC0-301F-11D3-BF4B-00C04F79EFBC}") = "Task_2_14", "Task_2_14\Task_2_14.csproj", "{E6A7B0C0-2CC5-4BAE-BC75-E817B6C6F651}"
EndProject
Project("{FAE04EC0-301F-11D3-BF4B-00C04F79EFBC}") = "Task_3_4", "Task_3_4\Task_3_4.csproj", "{9F4CDBC4-BF19-4D02-9636-99FDB211F6D5}"
EndProject
Project("{FAE04EC0-301F-11D3-BF4B-00C04F79EFBC}") = "Task_3_7", "Task_3_7\Task_3_7.csproj", "{C58FA15B-5F72-40E3-A92E-78933B93B25B}"
EndProject
Project("{FAE04EC0-301F-11D3-BF4B-00C04F79EFBC}") = "Task_4_3", "Task_4_3\Task_4_3.csproj", "{1AD73D47-9410-412B-8DE6-E922A8823F2D}"
EndProject
Project("{FAE04EC0-301F-11D3-BF4B-00C04F79EFBC}") = "Task_4_18", "Task_4_18\Task_4_18.csproj", "{DB205A00-269F-4628-8FFD-23E16EB022DE}"
EndProject
Global
	GlobalSection(SolutionConfigurationPlatforms) = preSolution
		Debug|Any CPU = Debug|Any CPU
		Release|Any CPU = Release|Any CPU
	EndGlobalSection
	GlobalSection(ProjectConfigurationPlatforms) = postSolution
		{58F5E635-FFBF-4A4D-BA71-B59E24F4C99B}.Debug|Any CPU.ActiveCfg = Debug|Any CPU
		{58F5E635-FFBF-4A4D-BA71-B59E24F4C99B}.Debug|Any CPU.Build.0 = Debug|Any CPU
		{58F5E635-FFBF-4A4D-BA71-B59E24F4C99B}.Release|Any CPU.ActiveCfg = Release|Any CPU
		{58F5E635-FFBF-4A4D-BA71-B59E24F4C99B}.Release|Any CPU.Build.0 = Release|Any CPU
		{14A47A87-3457-463F-9091-AD79355D56E9}.Debug|Any CPU.ActiveCfg = Debug|Any CPU
		{14A47A87-3457-463F-9091-AD79355D56E9}.Debug|Any CPU.Build.0 = Debug|Any CPU
		{14A47A87-3457-463F-9091-AD79355D56E9}.Release|Any CPU.ActiveCfg = Release|Any CPU
		{14A47A87-3457-463F-9091-AD79355D56E9}.Release|Any CPU.Build.0 = Release|Any CPU
		{E6A7B0C0-2CC5-4BAE-BC75-E817B6C6F651}.Debug|Any CPU.ActiveCfg = Debug|Any CPU
		{E6A7B0C0-2CC5-4BAE-BC75-E817B6C6F651}.Debug|Any CPU.Build.0 = Debug|Any CPU
		{E6A7B0C0-2CC5-4BAE-BC75-E817B6C6F651}.Release|Any CPU.ActiveCfg = Release|Any CPU
		{E6A7B0C0-2CC5-4BAE-BC75-E817B6C6F651}.Release|Any CPU.Build.0 = Release|Any CPU
		{9F4CDBC4-BF19-4D02-9636-99FDB211F6D5}.Debug|Any CPU.ActiveCfg = Debug|Any CPU
		{9F4CDBC4-BF19-4D02-9636-99FDB211F6D5}.Debug|Any CPU.Build.0 = Debug|Any CPU
		{9F4CDBC4-BF19-4D02-9636-99FDB211F6D5}.Release|Any CPU.ActiveCfg = Release|Any CPU
		{9F4CDBC4-BF19-4D02-9636-99FDB211F6D5}.Release|Any CPU.Build.0 = Release|Any CPU
		{C58FA15B-5F72-40E3-A92E-78933B93B25B}.Debug|Any CPU.ActiveCfg = Debug|Any CPU
		{C58FA15B-5F72-40E3-A92E-78933B93B25B}.Debug|Any CPU.Build.0 = Debug|Any CPU
		{C58FA15B-5F72-40E3-A92E-78933B93B25B}.Release|Any CPU.ActiveCfg = Release|Any CPU
		{C58FA15B-5F72-40E3-A92E-78933B93B25B}.Release|Any CPU.Build.0 = Release|Any CPU
		{1AD73D47-9410-412B-8DE6-E922A8823F2D}.Debug|Any CPU.ActiveCfg = Debug|Any CPU
		{1AD73D47-9410-412B-8DE6-E922A8823F2D}.Debug|Any CPU.Build.0 = Debug|Any CPU
		{1AD73D47-9410-412B-8DE6-E922A8823F2D}.Release|Any CPU.ActiveCfg = Release|Any CPU
		{1AD73D47-9410-412B-8DE6-E922A8823F2D}.Release|Any CPU.Build.0 = Release|Any CPU
		{DB205A00-269F-4628-8FFD-23E16EB022DE}.Debug|Any CPU.ActiveCfg = Debug|Any CPU
		{DB205A00-269F-4628-8FFD-23E16EB022DE}.Debug|Any CPU.Build.0 = Debug|Any CPU
		{DB205A00-269F-4628-8FFD-23E16EB022DE}.Release|Any CPU.ActiveCfg = Release|Any CPU
		{DB205A00-269F-4628-8FFD-23E16EB022DE}.Release|Any CPU.Build.0 = Release|Any CPU
	EndGlobalSection
	GlobalSection(SolutionProperties) = preSolution
		HideSolutionNode = FALSE
	EndGlobalSection
	GlobalSection(ExtensibilityGlobals) = postSolution
		SolutionGuid = {09AC9336-2CA1-4AC7-8122-60415E606B0B}
	EndGlobalSection
EndGlobal
